{
  "requires": true,
  "lockfileVersion": 1,
  "dependencies": {
    "@types/screeps": {
      "version": "2.3.0",
      "resolved": "https://registry.npmjs.org/@types/screeps/-/screeps-2.3.0.tgz",
      "integrity": "sha512-E6W/3ElnUMmM8noQMSx8yo+OGA4z0ALvE6r2MjzptUTBVjq9jl5AhJh8uHaP6vgQ2fhTBwFxFET2YVKnqh85Yg=="
    }
  }
}
